
Microsoft Visual Studio Solution File, Format Version 12.00
# Visual Studio Version 16
VisualStudioVersion = 16.0.29509.3
MinimumVisualStudioVersion = 10.0.40219.1
Project("{FAE04EC0-301F-11D3-BF4B-00C04F79EFBC}") = "TP-01", "TP-01\TP-01.csproj", "{47E0E1E0-392D-4590-8F4E-4056AD675ED4}"
EndProject
Project("{FAE04EC0-301F-11D3-BF4B-00C04F79EFBC}") = "MiCalculadora", "MiCalculadora\MiCalculadora.csproj", "{83F534EB-2324-49CF-901A-D2F32068C465}"
EndProject
Global
	GlobalSection(SolutionConfigurationPlatforms) = preSolution
		Debug|Any CPU = Debug|Any CPU
		Release|Any CPU = Release|Any CPU
	EndGlobalSection
	GlobalSection(ProjectConfigurationPlatforms) = postSolution
		{47E0E1E0-392D-4590-8F4E-4056AD675ED4}.Debug|Any CPU.ActiveCfg = Debug|Any CPU
		{47E0E1E0-392D-4590-8F4E-4056AD675ED4}.Debug|Any CPU.Build.0 = Debug|Any CPU
		{47E0E1E0-392D-4590-8F4E-4056AD675ED4}.Release|Any CPU.ActiveCfg = Release|Any CPU
		{47E0E1E0-392D-4590-8F4E-4056AD675ED4}.Release|Any CPU.Build.0 = Release|Any CPU
		{83F534EB-2324-49CF-901A-D2F32068C465}.Debug|Any CPU.ActiveCfg = Debug|Any CPU
		{83F534EB-2324-49CF-901A-D2F32068C465}.Debug|Any CPU.Build.0 = Debug|Any CPU
		{83F534EB-2324-49CF-901A-D2F32068C465}.Release|Any CPU.ActiveCfg = Release|Any CPU
		{83F534EB-2324-49CF-901A-D2F32068C465}.Release|Any CPU.Build.0 = Release|Any CPU
	EndGlobalSection
	GlobalSection(SolutionProperties) = preSolution
		HideSolutionNode = FALSE
	EndGlobalSection
	GlobalSection(ExtensibilityGlobals) = postSolution
		SolutionGuid = {1EA51B0B-3FB7-4624-9E1C-AE72ECB9CFB9}
	EndGlobalSection
EndGlobal
