
Microsoft Visual Studio Solution File, Format Version 12.00
# Visual Studio Version 16
VisualStudioVersion = 16.0.29123.88
MinimumVisualStudioVersion = 10.0.40219.1
Project("{FAE04EC0-301F-11D3-BF4B-00C04F79EFBC}") = "MiCalculadora", "MiCalculadora.csproj", "{1B856E8D-D039-4483-8CED-C430B7C84797}"
EndProject
Project("{FAE04EC0-301F-11D3-BF4B-00C04F79EFBC}") = "Entidades", "..\Entidades\Entidades.csproj", "{01AB369D-398A-49ED-A04A-E5010BF07BC5}"
EndProject
Global
	GlobalSection(SolutionConfigurationPlatforms) = preSolution
		Debug|Any CPU = Debug|Any CPU
		Release|Any CPU = Release|Any CPU
	EndGlobalSection
	GlobalSection(ProjectConfigurationPlatforms) = postSolution
		{1B856E8D-D039-4483-8CED-C430B7C84797}.Debug|Any CPU.ActiveCfg = Debug|Any CPU
		{1B856E8D-D039-4483-8CED-C430B7C84797}.Debug|Any CPU.Build.0 = Debug|Any CPU
		{1B856E8D-D039-4483-8CED-C430B7C84797}.Release|Any CPU.ActiveCfg = Release|Any CPU
		{1B856E8D-D039-4483-8CED-C430B7C84797}.Release|Any CPU.Build.0 = Release|Any CPU
		{01AB369D-398A-49ED-A04A-E5010BF07BC5}.Debug|Any CPU.ActiveCfg = Debug|Any CPU
		{01AB369D-398A-49ED-A04A-E5010BF07BC5}.Debug|Any CPU.Build.0 = Debug|Any CPU
		{01AB369D-398A-49ED-A04A-E5010BF07BC5}.Release|Any CPU.ActiveCfg = Release|Any CPU
		{01AB369D-398A-49ED-A04A-E5010BF07BC5}.Release|Any CPU.Build.0 = Release|Any CPU
	EndGlobalSection
	GlobalSection(SolutionProperties) = preSolution
		HideSolutionNode = FALSE
	EndGlobalSection
	GlobalSection(ExtensibilityGlobals) = postSolution
		SolutionGuid = {E9590B57-0872-4281-A7A8-052AAFAC6C75}
	EndGlobalSection
EndGlobal
